
Microsoft Visual Studio Solution File, Format Version 12.00
# Visual Studio 2012
Project("{FAE04EC0-301F-11D3-BF4B-00C04F79EFBC}") = "WebViewTest.Android", "WebViewTest.Android\WebViewTest.Android.csproj", "{98F654DD-05FD-4843-BC55-CBA01FE946A6}"
EndProject
Project("{FAE04EC0-301F-11D3-BF4B-00C04F79EFBC}") = "WebViewTest.iOS", "WebViewTest.iOS\WebViewTest.iOS.csproj", "{088D7071-F278-466E-B882-8BA8F0689D72}"
EndProject
Project("{FAE04EC0-301F-11D3-BF4B-00C04F79EFBC}") = "WebViewTest", "WebViewTest\WebViewTest.csproj", "{284C8B8C-BEC0-4F27-AF74-D9A85C5BEF63}"
EndProject
Global
	GlobalSection(SolutionConfigurationPlatforms) = preSolution
		Debug|Any CPU = Debug|Any CPU
		Release|Any CPU = Release|Any CPU
		Debug|iPhoneSimulator = Debug|iPhoneSimulator
		Release|iPhoneSimulator = Release|iPhoneSimulator
		Debug|iPhone = Debug|iPhone
		Release|iPhone = Release|iPhone
		Ad-Hoc|iPhone = Ad-Hoc|iPhone
		AppStore|iPhone = AppStore|iPhone
	EndGlobalSection
	GlobalSection(ProjectConfigurationPlatforms) = postSolution
		{98F654DD-05FD-4843-BC55-CBA01FE946A6}.Debug|Any CPU.ActiveCfg = Debug|Any CPU
		{98F654DD-05FD-4843-BC55-CBA01FE946A6}.Debug|Any CPU.Build.0 = Debug|Any CPU
		{98F654DD-05FD-4843-BC55-CBA01FE946A6}.Release|Any CPU.ActiveCfg = Release|Any CPU
		{98F654DD-05FD-4843-BC55-CBA01FE946A6}.Release|Any CPU.Build.0 = Release|Any CPU
		{98F654DD-05FD-4843-BC55-CBA01FE946A6}.Debug|iPhoneSimulator.ActiveCfg = Debug|Any CPU
		{98F654DD-05FD-4843-BC55-CBA01FE946A6}.Debug|iPhoneSimulator.Build.0 = Debug|Any CPU
		{98F654DD-05FD-4843-BC55-CBA01FE946A6}.Release|iPhoneSimulator.ActiveCfg = Release|Any CPU
		{98F654DD-05FD-4843-BC55-CBA01FE946A6}.Release|iPhoneSimulator.Build.0 = Release|Any CPU
		{98F654DD-05FD-4843-BC55-CBA01FE946A6}.Debug|iPhone.ActiveCfg = Debug|Any CPU
		{98F654DD-05FD-4843-BC55-CBA01FE946A6}.Debug|iPhone.Build.0 = Debug|Any CPU
		{98F654DD-05FD-4843-BC55-CBA01FE946A6}.Release|iPhone.ActiveCfg = Release|Any CPU
		{98F654DD-05FD-4843-BC55-CBA01FE946A6}.Release|iPhone.Build.0 = Release|Any CPU
		{98F654DD-05FD-4843-BC55-CBA01FE946A6}.Ad-Hoc|iPhone.ActiveCfg = Debug|Any CPU
		{98F654DD-05FD-4843-BC55-CBA01FE946A6}.Ad-Hoc|iPhone.Build.0 = Debug|Any CPU
		{98F654DD-05FD-4843-BC55-CBA01FE946A6}.AppStore|iPhone.ActiveCfg = Debug|Any CPU
		{98F654DD-05FD-4843-BC55-CBA01FE946A6}.AppStore|iPhone.Build.0 = Debug|Any CPU
		{088D7071-F278-466E-B882-8BA8F0689D72}.Debug|Any CPU.ActiveCfg = Debug|iPhoneSimulator
		{088D7071-F278-466E-B882-8BA8F0689D72}.Debug|Any CPU.Build.0 = Debug|iPhoneSimulator
		{088D7071-F278-466E-B882-8BA8F0689D72}.Release|Any CPU.ActiveCfg = Release|iPhoneSimulator
		{088D7071-F278-466E-B882-8BA8F0689D72}.Release|Any CPU.Build.0 = Release|iPhoneSimulator
		{088D7071-F278-466E-B882-8BA8F0689D72}.Debug|iPhoneSimulator.ActiveCfg = Debug|iPhoneSimulator
		{088D7071-F278-466E-B882-8BA8F0689D72}.Debug|iPhoneSimulator.Build.0 = Debug|iPhoneSimulator
		{088D7071-F278-466E-B882-8BA8F0689D72}.Release|iPhoneSimulator.ActiveCfg = Release|iPhoneSimulator
		{088D7071-F278-466E-B882-8BA8F0689D72}.Release|iPhoneSimulator.Build.0 = Release|iPhoneSimulator
		{088D7071-F278-466E-B882-8BA8F0689D72}.Debug|iPhone.ActiveCfg = Debug|iPhone
		{088D7071-F278-466E-B882-8BA8F0689D72}.Debug|iPhone.Build.0 = Debug|iPhone
		{088D7071-F278-466E-B882-8BA8F0689D72}.Release|iPhone.ActiveCfg = Release|iPhone
		{088D7071-F278-466E-B882-8BA8F0689D72}.Release|iPhone.Build.0 = Release|iPhone
		{088D7071-F278-466E-B882-8BA8F0689D72}.Ad-Hoc|iPhone.ActiveCfg = Ad-Hoc|iPhone
		{088D7071-F278-466E-B882-8BA8F0689D72}.Ad-Hoc|iPhone.Build.0 = Ad-Hoc|iPhone
		{088D7071-F278-466E-B882-8BA8F0689D72}.AppStore|iPhone.ActiveCfg = AppStore|iPhone
		{088D7071-F278-466E-B882-8BA8F0689D72}.AppStore|iPhone.Build.0 = AppStore|iPhone
		{284C8B8C-BEC0-4F27-AF74-D9A85C5BEF63}.Debug|Any CPU.ActiveCfg = Debug|Any CPU
		{284C8B8C-BEC0-4F27-AF74-D9A85C5BEF63}.Debug|Any CPU.Build.0 = Debug|Any CPU
		{284C8B8C-BEC0-4F27-AF74-D9A85C5BEF63}.Release|Any CPU.ActiveCfg = Release|Any CPU
		{284C8B8C-BEC0-4F27-AF74-D9A85C5BEF63}.Release|Any CPU.Build.0 = Release|Any CPU
		{284C8B8C-BEC0-4F27-AF74-D9A85C5BEF63}.Debug|iPhoneSimulator.ActiveCfg = Debug|Any CPU
		{284C8B8C-BEC0-4F27-AF74-D9A85C5BEF63}.Debug|iPhoneSimulator.Build.0 = Debug|Any CPU
		{284C8B8C-BEC0-4F27-AF74-D9A85C5BEF63}.Release|iPhoneSimulator.ActiveCfg = Release|Any CPU
		{284C8B8C-BEC0-4F27-AF74-D9A85C5BEF63}.Release|iPhoneSimulator.Build.0 = Release|Any CPU
		{284C8B8C-BEC0-4F27-AF74-D9A85C5BEF63}.Debug|iPhone.ActiveCfg = Debug|Any CPU
		{284C8B8C-BEC0-4F27-AF74-D9A85C5BEF63}.Debug|iPhone.Build.0 = Debug|Any CPU
		{284C8B8C-BEC0-4F27-AF74-D9A85C5BEF63}.Release|iPhone.ActiveCfg = Release|Any CPU
		{284C8B8C-BEC0-4F27-AF74-D9A85C5BEF63}.Release|iPhone.Build.0 = Release|Any CPU
		{284C8B8C-BEC0-4F27-AF74-D9A85C5BEF63}.Ad-Hoc|iPhone.ActiveCfg = Debug|Any CPU
		{284C8B8C-BEC0-4F27-AF74-D9A85C5BEF63}.Ad-Hoc|iPhone.Build.0 = Debug|Any CPU
		{284C8B8C-BEC0-4F27-AF74-D9A85C5BEF63}.AppStore|iPhone.ActiveCfg = Debug|Any CPU
		{284C8B8C-BEC0-4F27-AF74-D9A85C5BEF63}.AppStore|iPhone.Build.0 = Debug|Any CPU
	EndGlobalSection
EndGlobal
